
Microsoft Visual Studio Solution File, Format Version 12.00
# Visual Studio Version 16
VisualStudioVersion = 16.0.29519.87
MinimumVisualStudioVersion = 10.0.40219.1
Project("{9A19103F-16F7-4668-BE54-9A1E7A4F7556}") = "Portal.Web", "Portal.Web\Portal.Web.csproj", "{1D6B3FCC-F5E9-493C-BF0A-75170828777B}"
EndProject
Project("{9A19103F-16F7-4668-BE54-9A1E7A4F7556}") = "Portal.Shared.Services", "Portal.Shared.Services\Portal.Shared.Services.csproj", "{EC4393CD-1531-4B4C-A653-D50C2D122C91}"
EndProject
Project("{9A19103F-16F7-4668-BE54-9A1E7A4F7556}") = "Portal.Shared.Utils", "Portal.Shared.Utils\Portal.Shared.Utils.csproj", "{DBB28EBD-A622-4274-81B6-886D73185BD5}"
EndProject
Project("{9A19103F-16F7-4668-BE54-9A1E7A4F7556}") = "Portal.Shared.Model", "Portal.Shared.Model\Portal.Shared.Model.csproj", "{2A177C68-ABA8-4241-96D0-12BBC329AC2E}"
EndProject
Project("{9A19103F-16F7-4668-BE54-9A1E7A4F7556}") = "Portal.Academia.Web", "Portal.Academia.Web\Portal.Academia.Web.csproj", "{1F21EE52-8298-44EC-A465-145B7CBD888F}"
EndProject
Project("{FAE04EC0-301F-11D3-BF4B-00C04F79EFBC}") = "Portal.Shared.Data", "Portal.Shared.Data\Portal.Shared.Data.csproj", "{BB2B901A-3A70-44A2-8E3F-FD68B21BA7A3}"
EndProject
Global
	GlobalSection(SolutionConfigurationPlatforms) = preSolution
		Debug|Any CPU = Debug|Any CPU
		Release|Any CPU = Release|Any CPU
	EndGlobalSection
	GlobalSection(ProjectConfigurationPlatforms) = postSolution
		{1D6B3FCC-F5E9-493C-BF0A-75170828777B}.Debug|Any CPU.ActiveCfg = Debug|Any CPU
		{1D6B3FCC-F5E9-493C-BF0A-75170828777B}.Debug|Any CPU.Build.0 = Debug|Any CPU
		{1D6B3FCC-F5E9-493C-BF0A-75170828777B}.Release|Any CPU.ActiveCfg = Release|Any CPU
		{1D6B3FCC-F5E9-493C-BF0A-75170828777B}.Release|Any CPU.Build.0 = Release|Any CPU
		{EC4393CD-1531-4B4C-A653-D50C2D122C91}.Debug|Any CPU.ActiveCfg = Debug|Any CPU
		{EC4393CD-1531-4B4C-A653-D50C2D122C91}.Debug|Any CPU.Build.0 = Debug|Any CPU
		{EC4393CD-1531-4B4C-A653-D50C2D122C91}.Release|Any CPU.ActiveCfg = Release|Any CPU
		{EC4393CD-1531-4B4C-A653-D50C2D122C91}.Release|Any CPU.Build.0 = Release|Any CPU
		{DBB28EBD-A622-4274-81B6-886D73185BD5}.Debug|Any CPU.ActiveCfg = Debug|Any CPU
		{DBB28EBD-A622-4274-81B6-886D73185BD5}.Debug|Any CPU.Build.0 = Debug|Any CPU
		{DBB28EBD-A622-4274-81B6-886D73185BD5}.Release|Any CPU.ActiveCfg = Release|Any CPU
		{DBB28EBD-A622-4274-81B6-886D73185BD5}.Release|Any CPU.Build.0 = Release|Any CPU
		{2A177C68-ABA8-4241-96D0-12BBC329AC2E}.Debug|Any CPU.ActiveCfg = Debug|Any CPU
		{2A177C68-ABA8-4241-96D0-12BBC329AC2E}.Debug|Any CPU.Build.0 = Debug|Any CPU
		{2A177C68-ABA8-4241-96D0-12BBC329AC2E}.Release|Any CPU.ActiveCfg = Release|Any CPU
		{2A177C68-ABA8-4241-96D0-12BBC329AC2E}.Release|Any CPU.Build.0 = Release|Any CPU
		{1F21EE52-8298-44EC-A465-145B7CBD888F}.Debug|Any CPU.ActiveCfg = Debug|Any CPU
		{1F21EE52-8298-44EC-A465-145B7CBD888F}.Debug|Any CPU.Build.0 = Debug|Any CPU
		{1F21EE52-8298-44EC-A465-145B7CBD888F}.Release|Any CPU.ActiveCfg = Release|Any CPU
		{1F21EE52-8298-44EC-A465-145B7CBD888F}.Release|Any CPU.Build.0 = Release|Any CPU
		{BB2B901A-3A70-44A2-8E3F-FD68B21BA7A3}.Debug|Any CPU.ActiveCfg = Debug|Any CPU
		{BB2B901A-3A70-44A2-8E3F-FD68B21BA7A3}.Debug|Any CPU.Build.0 = Debug|Any CPU
		{BB2B901A-3A70-44A2-8E3F-FD68B21BA7A3}.Release|Any CPU.ActiveCfg = Release|Any CPU
		{BB2B901A-3A70-44A2-8E3F-FD68B21BA7A3}.Release|Any CPU.Build.0 = Release|Any CPU
	EndGlobalSection
	GlobalSection(SolutionProperties) = preSolution
		HideSolutionNode = FALSE
	EndGlobalSection
	GlobalSection(ExtensibilityGlobals) = postSolution
		SolutionGuid = {E706687E-66A4-48D9-A2A3-CA3D2B51FEEE}
	EndGlobalSection
EndGlobal
